
Microsoft Visual Studio Solution File, Format Version 12.00
# Visual Studio Version 17
VisualStudioVersion = 17.2.32526.322
MinimumVisualStudioVersion = 10.0.40219.1
Project("{9A19103F-16F7-4668-BE54-9A1E7A4F7556}") = "SCBCompilerAPI", "SCBCompilerAPI.csproj", "{4AF4A416-F100-405B-B10D-2A400E661BCC}"
EndProject
Project("{FAE04EC0-301F-11D3-BF4B-00C04F79EFBC}") = "FileHandeling", "..\FileHandeling\FileHandeling.csproj", "{A062C516-494E-4DC4-9D2D-47D0969F84E4}"
EndProject
Project("{FAE04EC0-301F-11D3-BF4B-00C04F79EFBC}") = "UserClient", "..\UserClient\UserClient.csproj", "{6A7C46DD-F2BE-400E-87F5-70E3F5893515}"
EndProject
Project("{FAE04EC0-301F-11D3-BF4B-00C04F79EFBC}") = "SCBHandeler", "..\SCBHandeler\SCBHandeler.csproj", "{966B69A8-3711-445D-80B5-A35EEBFB0149}"
EndProject
Global
	GlobalSection(SolutionConfigurationPlatforms) = preSolution
		Debug|Any CPU = Debug|Any CPU
		Release|Any CPU = Release|Any CPU
	EndGlobalSection
	GlobalSection(ProjectConfigurationPlatforms) = postSolution
		{4AF4A416-F100-405B-B10D-2A400E661BCC}.Debug|Any CPU.ActiveCfg = Debug|Any CPU
		{4AF4A416-F100-405B-B10D-2A400E661BCC}.Debug|Any CPU.Build.0 = Debug|Any CPU
		{4AF4A416-F100-405B-B10D-2A400E661BCC}.Release|Any CPU.ActiveCfg = Release|Any CPU
		{4AF4A416-F100-405B-B10D-2A400E661BCC}.Release|Any CPU.Build.0 = Release|Any CPU
		{A062C516-494E-4DC4-9D2D-47D0969F84E4}.Debug|Any CPU.ActiveCfg = Debug|Any CPU
		{A062C516-494E-4DC4-9D2D-47D0969F84E4}.Debug|Any CPU.Build.0 = Debug|Any CPU
		{A062C516-494E-4DC4-9D2D-47D0969F84E4}.Release|Any CPU.ActiveCfg = Release|Any CPU
		{A062C516-494E-4DC4-9D2D-47D0969F84E4}.Release|Any CPU.Build.0 = Release|Any CPU
		{6A7C46DD-F2BE-400E-87F5-70E3F5893515}.Debug|Any CPU.ActiveCfg = Debug|Any CPU
		{6A7C46DD-F2BE-400E-87F5-70E3F5893515}.Debug|Any CPU.Build.0 = Debug|Any CPU
		{6A7C46DD-F2BE-400E-87F5-70E3F5893515}.Release|Any CPU.ActiveCfg = Release|Any CPU
		{6A7C46DD-F2BE-400E-87F5-70E3F5893515}.Release|Any CPU.Build.0 = Release|Any CPU
		{966B69A8-3711-445D-80B5-A35EEBFB0149}.Debug|Any CPU.ActiveCfg = Debug|Any CPU
		{966B69A8-3711-445D-80B5-A35EEBFB0149}.Debug|Any CPU.Build.0 = Debug|Any CPU
		{966B69A8-3711-445D-80B5-A35EEBFB0149}.Release|Any CPU.ActiveCfg = Release|Any CPU
		{966B69A8-3711-445D-80B5-A35EEBFB0149}.Release|Any CPU.Build.0 = Release|Any CPU
	EndGlobalSection
	GlobalSection(SolutionProperties) = preSolution
		HideSolutionNode = FALSE
	EndGlobalSection
	GlobalSection(ExtensibilityGlobals) = postSolution
		SolutionGuid = {F6614C61-8D76-4B6A-9A09-4B196F6FE6C5}
	EndGlobalSection
EndGlobal
